// !$*UTF8*$!
{
	archiveVersion = 1;
	classes = {
	};
	objectVersion = 56;
	objects = {

/* Begin PBXBuildFile section */
		10A000402D00000100000001 /* Assets.xcassets in Resources */ = {isa = PBXBuildFile; fileRef = 10A0003F2D00000100000001 /* Assets.xcassets */; };
		10A0001B2D00000100000001 /* ImageCreatorApp.swift in Sources */ = {isa = PBXBuildFile; fileRef = 10A0000B2D00000100000001 /* ImageCreatorApp.swift */; };
		10A0001C2D00000100000001 /* ContentView.swift in Sources */ = {isa = PBXBuildFile; fileRef = 10A0000C2D00000100000001 /* ContentView.swift */; };
		10A000302D00000100000001 /* Models.swift in Sources */ = {isa = PBXBuildFile; fileRef = 10A0003A2D00000100000001 /* Models.swift */; };
		10A000312D00000100000001 /* JSONRPCCodec.swift in Sources */ = {isa = PBXBuildFile; fileRef = 10A0003B2D00000100000001 /* JSONRPCCodec.swift */; };
		10A000322D00000100000001 /* CodexAppServerClient.swift in Sources */ = {isa = PBXBuildFile; fileRef = 10A0003C2D00000100000001 /* CodexAppServerClient.swift */; };
		10A000332D00000100000001 /* GenerationCoordinator.swift in Sources */ = {isa = PBXBuildFile; fileRef = 10A0003D2D00000100000001 /* GenerationCoordinator.swift */; };
		10A000342D00000100000001 /* ImageCreatorViewModel.swift in Sources */ = {isa = PBXBuildFile; fileRef = 10A0003E2D00000100000001 /* ImageCreatorViewModel.swift */; };
		10A0002B2D00000100000001 /* JSONRPCCodecTests.swift in Sources */ = {isa = PBXBuildFile; fileRef = 10A0002A2D00000100000001 /* JSONRPCCodecTests.swift */; };
		10A0002D2D00000100000001 /* GenerationCoordinatorTests.swift in Sources */ = {isa = PBXBuildFile; fileRef = 10A0002C2D00000100000001 /* GenerationCoordinatorTests.swift */; };
		10A000FA2D00000100000001 /* BackgroundRemover.swift in Sources */ = {isa = PBXBuildFile; fileRef = 10A000F92D00000100000001 /* BackgroundRemover.swift */; };
		10A000FC2D00000100000001 /* BackgroundRemoverTests.swift in Sources */ = {isa = PBXBuildFile; fileRef = 10A000FB2D00000100000001 /* BackgroundRemoverTests.swift */; };
		10A000FE2D00000100000001 /* ImageVectorizer.swift in Sources */ = {isa = PBXBuildFile; fileRef = 10A000FD2D00000100000001 /* ImageVectorizer.swift */; };
		10A001002D00000100000001 /* ImageVectorizerTests.swift in Sources */ = {isa = PBXBuildFile; fileRef = 10A000FF2D00000100000001 /* ImageVectorizerTests.swift */; };
		10A001022D00000100000001 /* InpaintingMaskCompositor.swift in Sources */ = {isa = PBXBuildFile; fileRef = 10A001012D00000100000001 /* InpaintingMaskCompositor.swift */; };
		10A001042D00000100000001 /* InpaintingMaskEditor.swift in Sources */ = {isa = PBXBuildFile; fileRef = 10A001032D00000100000001 /* InpaintingMaskEditor.swift */; };
/* End PBXBuildFile section */

/* Begin PBXContainerItemProxy section */
		10A000242D00000100000001 /* PBXContainerItemProxy */ = {
			isa = PBXContainerItemProxy;
			containerPortal = 10A000012D00000100000001 /* Project object */;
			proxyType = 1;
			remoteGlobalIDString = 10A000082D00000100000001;
			remoteInfo = ImageCreator;
		};
/* End PBXContainerItemProxy section */

/* Begin PBXFileReference section */
		10A000092D00000100000001 /* ImageCreator.app */ = {isa = PBXFileReference; explicitFileType = wrapper.application; includeInIndex = 0; path = ImageCreator.app; sourceTree = BUILT_PRODUCTS_DIR; };
		10A0000B2D00000100000001 /* ImageCreatorApp.swift */ = {isa = PBXFileReference; lastKnownFileType = sourcecode.swift; path = ImageCreatorApp.swift; sourceTree = "<group>"; };
		10A0000C2D00000100000001 /* ContentView.swift */ = {isa = PBXFileReference; lastKnownFileType = sourcecode.swift; path = ContentView.swift; sourceTree = "<group>"; };
		10A0003F2D00000100000001 /* Assets.xcassets */ = {isa = PBXFileReference; lastKnownFileType = folder.assetcatalog; path = Assets.xcassets; sourceTree = "<group>"; };
		10A0003A2D00000100000001 /* Models.swift */ = {isa = PBXFileReference; lastKnownFileType = sourcecode.swift; path = Models.swift; sourceTree = "<group>"; };
		10A0003B2D00000100000001 /* JSONRPCCodec.swift */ = {isa = PBXFileReference; lastKnownFileType = sourcecode.swift; path = JSONRPCCodec.swift; sourceTree = "<group>"; };
		10A0003C2D00000100000001 /* CodexAppServerClient.swift */ = {isa = PBXFileReference; lastKnownFileType = sourcecode.swift; path = CodexAppServerClient.swift; sourceTree = "<group>"; };
		10A0003D2D00000100000001 /* GenerationCoordinator.swift */ = {isa = PBXFileReference; lastKnownFileType = sourcecode.swift; path = GenerationCoordinator.swift; sourceTree = "<group>"; };
		10A0003E2D00000100000001 /* ImageCreatorViewModel.swift */ = {isa = PBXFileReference; lastKnownFileType = sourcecode.swift; path = ImageCreatorViewModel.swift; sourceTree = "<group>"; };
		10A000222D00000100000001 /* ImageCreatorTests.xctest */ = {isa = PBXFileReference; explicitFileType = wrapper.cfbundle; includeInIndex = 0; path = ImageCreatorTests.xctest; sourceTree = BUILT_PRODUCTS_DIR; };
		10A0002A2D00000100000001 /* JSONRPCCodecTests.swift */ = {isa = PBXFileReference; lastKnownFileType = sourcecode.swift; path = JSONRPCCodecTests.swift; sourceTree = "<group>"; };
		10A0002C2D00000100000001 /* GenerationCoordinatorTests.swift */ = {isa = PBXFileReference; lastKnownFileType = sourcecode.swift; path = GenerationCoordinatorTests.swift; sourceTree = "<group>"; };
		10A000F92D00000100000001 /* BackgroundRemover.swift */ = {isa = PBXFileReference; lastKnownFileType = sourcecode.swift; path = BackgroundRemover.swift; sourceTree = "<group>"; };
		10A000FB2D00000100000001 /* BackgroundRemoverTests.swift */ = {isa = PBXFileReference; lastKnownFileType = sourcecode.swift; path = BackgroundRemoverTests.swift; sourceTree = "<group>"; };
		10A000FD2D00000100000001 /* ImageVectorizer.swift */ = {isa = PBXFileReference; lastKnownFileType = sourcecode.swift; path = ImageVectorizer.swift; sourceTree = "<group>"; };
		10A000FF2D00000100000001 /* ImageVectorizerTests.swift */ = {isa = PBXFileReference; lastKnownFileType = sourcecode.swift; path = ImageVectorizerTests.swift; sourceTree = "<group>"; };
		10A001012D00000100000001 /* InpaintingMaskCompositor.swift */ = {isa = PBXFileReference; lastKnownFileType = sourcecode.swift; path = InpaintingMaskCompositor.swift; sourceTree = "<group>"; };
		10A001032D00000100000001 /* InpaintingMaskEditor.swift */ = {isa = PBXFileReference; lastKnownFileType = sourcecode.swift; path = InpaintingMaskEditor.swift; sourceTree = "<group>"; };
/* End PBXFileReference section */

/* Begin PBXFrameworksBuildPhase section */
		10A000062D00000100000001 /* Frameworks */ = {
			isa = PBXFrameworksBuildPhase;
			buildActionMask = 2147483647;
			files = (
			);
			runOnlyForDeploymentPostprocessing = 0;
		};
		10A0001F2D00000100000001 /* Frameworks */ = {
			isa = PBXFrameworksBuildPhase;
			buildActionMask = 2147483647;
			files = (
			);
			runOnlyForDeploymentPostprocessing = 0;
		};
/* End PBXFrameworksBuildPhase section */

/* Begin PBXGroup section */
		10A000002D00000100000001 = {
			isa = PBXGroup;
			children = (
				10A0000A2D00000100000001 /* ImageCreator */,
				10A000292D00000100000001 /* ImageCreatorTests */,
				10A0000D2D00000100000001 /* Products */,
			);
			sourceTree = "<group>";
		};
		10A0000A2D00000100000001 /* ImageCreator */ = {
			isa = PBXGroup;
			children = (
				10A0000B2D00000100000001 /* ImageCreatorApp.swift */,
				10A0000C2D00000100000001 /* ContentView.swift */,
				10A0003F2D00000100000001 /* Assets.xcassets */,
				10A0003A2D00000100000001 /* Models.swift */,
				10A0003B2D00000100000001 /* JSONRPCCodec.swift */,
				10A0003C2D00000100000001 /* CodexAppServerClient.swift */,
				10A0003D2D00000100000001 /* GenerationCoordinator.swift */,
				10A0003E2D00000100000001 /* ImageCreatorViewModel.swift */,
				10A000F92D00000100000001 /* BackgroundRemover.swift */,
				10A000FD2D00000100000001 /* ImageVectorizer.swift */,
				10A001012D00000100000001 /* InpaintingMaskCompositor.swift */,
				10A001032D00000100000001 /* InpaintingMaskEditor.swift */,
			);
			path = ImageCreator;
			sourceTree = "<group>";
		};
		10A0000D2D00000100000001 /* Products */ = {
			isa = PBXGroup;
			children = (
				10A000092D00000100000001 /* ImageCreator.app */,
				10A000222D00000100000001 /* ImageCreatorTests.xctest */,
			);
			name = Products;
			sourceTree = "<group>";
		};
		10A000292D00000100000001 /* ImageCreatorTests */ = {
			isa = PBXGroup;
			children = (
				10A0002A2D00000100000001 /* JSONRPCCodecTests.swift */,
				10A0002C2D00000100000001 /* GenerationCoordinatorTests.swift */,
				10A000FB2D00000100000001 /* BackgroundRemoverTests.swift */,
				10A000FF2D00000100000001 /* ImageVectorizerTests.swift */,
			);
			path = ImageCreatorTests;
			sourceTree = "<group>";
		};
/* End PBXGroup section */

/* Begin PBXNativeTarget section */
		10A000082D00000100000001 /* ImageCreator */ = {
			isa = PBXNativeTarget;
			buildConfigurationList = 10A000182D00000100000001 /* Build configuration list for PBXNativeTarget "ImageCreator" */;
			buildPhases = (
				10A000052D00000100000001 /* Sources */,
				10A000062D00000100000001 /* Frameworks */,
				10A000072D00000100000001 /* Resources */,
			);
			buildRules = (
			);
			dependencies = (
			);
			name = ImageCreator;
			productName = ImageCreator;
			productReference = 10A000092D00000100000001 /* ImageCreator.app */;
			productType = "com.apple.product-type.application";
		};
		10A000212D00000100000001 /* ImageCreatorTests */ = {
			isa = PBXNativeTarget;
			buildConfigurationList = 10A000252D00000100000001 /* Build configuration list for PBXNativeTarget "ImageCreatorTests" */;
			buildPhases = (
				10A0001E2D00000100000001 /* Sources */,
				10A0001F2D00000100000001 /* Frameworks */,
				10A000202D00000100000001 /* Resources */,
			);
			buildRules = (
			);
			dependencies = (
				10A000252D00000100000002 /* PBXTargetDependency */,
			);
			name = ImageCreatorTests;
			productName = ImageCreatorTests;
			productReference = 10A000222D00000100000001 /* ImageCreatorTests.xctest */;
			productType = "com.apple.product-type.bundle.unit-test";
		};
/* End PBXNativeTarget section */

/* Begin PBXProject section */
		10A000012D00000100000001 /* Project object */ = {
			isa = PBXProject;
			attributes = {
				BuildIndependentTargetsInParallel = 1;
				LastSwiftUpdateCheck = 2640;
				LastUpgradeCheck = 2640;
				TargetAttributes = {
					10A000082D00000100000001 = {
						CreatedOnToolsVersion = 26.4.1;
					};
					10A000212D00000100000001 = {
						CreatedOnToolsVersion = 26.4.1;
						TestTargetID = 10A000082D00000100000001;
					};
				};
			};
			buildConfigurationList = 10A000042D00000100000001 /* Build configuration list for PBXProject "ImageCreator" */;
			compatibilityVersion = "Xcode 14.0";
			developmentRegion = en;
			hasScannedForEncodings = 0;
			knownRegions = (
				en,
				Base,
			);
			mainGroup = 10A000002D00000100000001;
			productRefGroup = 10A0000D2D00000100000001 /* Products */;
			projectDirPath = "";
			projectRoot = "";
			targets = (
				10A000082D00000100000001 /* ImageCreator */,
				10A000212D00000100000001 /* ImageCreatorTests */,
			);
		};
/* End PBXProject section */

/* Begin PBXResourcesBuildPhase section */
		10A000072D00000100000001 /* Resources */ = {
			isa = PBXResourcesBuildPhase;
			buildActionMask = 2147483647;
			files = (
				10A000402D00000100000001 /* Assets.xcassets in Resources */,
			);
			runOnlyForDeploymentPostprocessing = 0;
		};
		10A000202D00000100000001 /* Resources */ = {
			isa = PBXResourcesBuildPhase;
			buildActionMask = 2147483647;
			files = (
			);
			runOnlyForDeploymentPostprocessing = 0;
		};
/* End PBXResourcesBuildPhase section */

/* Begin PBXSourcesBuildPhase section */
		10A000052D00000100000001 /* Sources */ = {
			isa = PBXSourcesBuildPhase;
			buildActionMask = 2147483647;
			files = (
				10A0001B2D00000100000001 /* ImageCreatorApp.swift in Sources */,
				10A0001C2D00000100000001 /* ContentView.swift in Sources */,
				10A000302D00000100000001 /* Models.swift in Sources */,
				10A000312D00000100000001 /* JSONRPCCodec.swift in Sources */,
				10A000322D00000100000001 /* CodexAppServerClient.swift in Sources */,
				10A000332D00000100000001 /* GenerationCoordinator.swift in Sources */,
				10A000342D00000100000001 /* ImageCreatorViewModel.swift in Sources */,
				10A000FA2D00000100000001 /* BackgroundRemover.swift in Sources */,
				10A000FE2D00000100000001 /* ImageVectorizer.swift in Sources */,
				10A001022D00000100000001 /* InpaintingMaskCompositor.swift in Sources */,
				10A001042D00000100000001 /* InpaintingMaskEditor.swift in Sources */,
			);
			runOnlyForDeploymentPostprocessing = 0;
		};
		10A0001E2D00000100000001 /* Sources */ = {
			isa = PBXSourcesBuildPhase;
			buildActionMask = 2147483647;
			files = (
				10A0002B2D00000100000001 /* JSONRPCCodecTests.swift in Sources */,
				10A0002D2D00000100000001 /* GenerationCoordinatorTests.swift in Sources */,
				10A000FC2D00000100000001 /* BackgroundRemoverTests.swift in Sources */,
				10A001002D00000100000001 /* ImageVectorizerTests.swift in Sources */,
			);
			runOnlyForDeploymentPostprocessing = 0;
		};
/* End PBXSourcesBuildPhase section */

/* Begin PBXTargetDependency section */
		10A000252D00000100000002 /* PBXTargetDependency */ = {
			isa = PBXTargetDependency;
			target = 10A000082D00000100000001 /* ImageCreator */;
			targetProxy = 10A000242D00000100000001 /* PBXContainerItemProxy */;
		};
/* End PBXTargetDependency section */

/* Begin XCBuildConfiguration section */
		10A000102D00000100000001 /* Debug */ = {
			isa = XCBuildConfiguration;
			buildSettings = {
				ALWAYS_SEARCH_USER_PATHS = NO;
				CLANG_ANALYZER_NONNULL = YES;
				CLANG_ANALYZER_NUMBER_OBJECT_CONVERSION = YES_AGGRESSIVE;
				CLANG_CXX_LANGUAGE_STANDARD = "gnu++20";
				CLANG_ENABLE_MODULES = YES;
				CLANG_ENABLE_OBJC_ARC = YES;
				CLANG_ENABLE_OBJC_WEAK = YES;
				CLANG_WARN_BLOCK_CAPTURE_AUTORELEASING = YES;
				CLANG_WARN_BOOL_CONVERSION = YES;
				CLANG_WARN_COMMA = YES;
				CLANG_WARN_CONSTANT_CONVERSION = YES;
				CLANG_WARN_DEPRECATED_OBJC_IMPLEMENTATIONS = YES;
				CLANG_WARN_DIRECT_OBJC_ISA_USAGE = YES_ERROR;
				CLANG_WARN_DOCUMENTATION_COMMENTS = YES;
				CLANG_WARN_EMPTY_BODY = YES;
				CLANG_WARN_ENUM_CONVERSION = YES;
				CLANG_WARN_INFINITE_RECURSION = YES;
				CLANG_WARN_INT_CONVERSION = YES;
				CLANG_WARN_NON_LITERAL_NULL_CONVERSION = YES;
				CLANG_WARN_OBJC_IMPLICIT_RETAIN_SELF = YES;
				CLANG_WARN_OBJC_LITERAL_CONVERSION = YES;
				CLANG_WARN_OBJC_ROOT_CLASS = YES_ERROR;
				CLANG_WARN_QUOTED_INCLUDE_IN_FRAMEWORK_HEADER = YES;
				CLANG_WARN_RANGE_LOOP_ANALYSIS = YES;
				CLANG_WARN_STRICT_PROTOTYPES = YES;
				CLANG_WARN_SUSPICIOUS_MOVE = YES;
				CLANG_WARN_UNGUARDED_AVAILABILITY = YES_AGGRESSIVE;
				CLANG_WARN_UNREACHABLE_CODE = YES;
				CLANG_WARN__DUPLICATE_METHOD_MATCH = YES;
				COPY_PHASE_STRIP = NO;
				DEBUG_INFORMATION_FORMAT = dwarf;
				ENABLE_STRICT_OBJC_MSGSEND = YES;
				ENABLE_TESTABILITY = YES;
				ENABLE_USER_SCRIPT_SANDBOXING = YES;
				GCC_C_LANGUAGE_STANDARD = gnu17;
				GCC_DYNAMIC_NO_PIC = NO;
				GCC_NO_COMMON_BLOCKS = YES;
				GCC_OPTIMIZATION_LEVEL = 0;
				GCC_PREPROCESSOR_DEFINITIONS = (
					"DEBUG=1",
					"$(inherited)",
				);
				GCC_WARN_64_TO_32_BIT_CONVERSION = YES;
				GCC_WARN_ABOUT_RETURN_TYPE = YES_ERROR;
				GCC_WARN_UNDECLARED_SELECTOR = YES;
				GCC_WARN_UNINITIALIZED_AUTOS = YES_AGGRESSIVE;
				GCC_WARN_UNUSED_FUNCTION = YES;
				GCC_WARN_UNUSED_VARIABLE = YES;
				MACOSX_DEPLOYMENT_TARGET = 14.0;
				MTL_ENABLE_DEBUG_INFO = INCLUDE_SOURCE;
				MTL_FAST_MATH = YES;
				ONLY_ACTIVE_ARCH = YES;
				SDKROOT = macosx;
				SWIFT_ACTIVE_COMPILATION_CONDITIONS = DEBUG;
				SWIFT_OPTIMIZATION_LEVEL = "-Onone";
			};
			name = Debug;
		};
		10A000112D00000100000001 /* Release */ = {
			isa = XCBuildConfiguration;
			buildSettings = {
				ALWAYS_SEARCH_USER_PATHS = NO;
				CLANG_ANALYZER_NONNULL = YES;
				CLANG_ANALYZER_NUMBER_OBJECT_CONVERSION = YES_AGGRESSIVE;
				CLANG_CXX_LANGUAGE_STANDARD = "gnu++20";
				CLANG_ENABLE_MODULES = YES;
				CLANG_ENABLE_OBJC_ARC = YES;
				CLANG_ENABLE_OBJC_WEAK = YES;
				CLANG_WARN_BLOCK_CAPTURE_AUTORELEASING = YES;
				CLANG_WARN_BOOL_CONVERSION = YES;
				CLANG_WARN_COMMA = YES;
				CLANG_WARN_CONSTANT_CONVERSION = YES;
				CLANG_WARN_DEPRECATED_OBJC_IMPLEMENTATIONS = YES;
				CLANG_WARN_DIRECT_OBJC_ISA_USAGE = YES_ERROR;
				CLANG_WARN_DOCUMENTATION_COMMENTS = YES;
				CLANG_WARN_EMPTY_BODY = YES;
				CLANG_WARN_ENUM_CONVERSION = YES;
				CLANG_WARN_INFINITE_RECURSION = YES;
				CLANG_WARN_INT_CONVERSION = YES;
				CLANG_WARN_NON_LITERAL_NULL_CONVERSION = YES;
				CLANG_WARN_OBJC_IMPLICIT_RETAIN_SELF = YES;
				CLANG_WARN_OBJC_LITERAL_CONVERSION = YES;
				CLANG_WARN_OBJC_ROOT_CLASS = YES_ERROR;
				CLANG_WARN_QUOTED_INCLUDE_IN_FRAMEWORK_HEADER = YES;
				CLANG_WARN_RANGE_LOOP_ANALYSIS = YES;
				CLANG_WARN_STRICT_PROTOTYPES = YES;
				CLANG_WARN_SUSPICIOUS_MOVE = YES;
				CLANG_WARN_UNGUARDED_AVAILABILITY = YES_AGGRESSIVE;
				CLANG_WARN_UNREACHABLE_CODE = YES;
				CLANG_WARN__DUPLICATE_METHOD_MATCH = YES;
				COPY_PHASE_STRIP = NO;
				DEBUG_INFORMATION_FORMAT = "dwarf-with-dsym";
				ENABLE_NS_ASSERTIONS = NO;
				ENABLE_STRICT_OBJC_MSGSEND = YES;
				ENABLE_USER_SCRIPT_SANDBOXING = YES;
				GCC_C_LANGUAGE_STANDARD = gnu17;
				GCC_NO_COMMON_BLOCKS = YES;
				GCC_WARN_64_TO_32_BIT_CONVERSION = YES;
				GCC_WARN_ABOUT_RETURN_TYPE = YES_ERROR;
				GCC_WARN_UNDECLARED_SELECTOR = YES;
				GCC_WARN_UNINITIALIZED_AUTOS = YES_AGGRESSIVE;
				GCC_WARN_UNUSED_FUNCTION = YES;
				GCC_WARN_UNUSED_VARIABLE = YES;
				MACOSX_DEPLOYMENT_TARGET = 14.0;
				MTL_ENABLE_DEBUG_INFO = NO;
				MTL_FAST_MATH = YES;
				SDKROOT = macosx;
				SWIFT_COMPILATION_MODE = wholemodule;
			};
			name = Release;
		};
		10A000162D00000100000001 /* Debug */ = {
			isa = XCBuildConfiguration;
			buildSettings = {
				ASSETCATALOG_COMPILER_APPICON_NAME = AppIcon;
				CODE_SIGN_STYLE = Automatic;
				COMBINE_HIDPI_IMAGES = YES;
				CURRENT_PROJECT_VERSION = 1;
				DEVELOPMENT_TEAM = "";
				ENABLE_PREVIEWS = YES;
				GENERATE_INFOPLIST_FILE = YES;
				INFOPLIST_KEY_CFBundleDisplayName = "Image Creator";
				INFOPLIST_KEY_NSHumanReadableCopyright = "";
				LD_RUNPATH_SEARCH_PATHS = (
					"$(inherited)",
					"@executable_path/../Frameworks",
				);
				MARKETING_VERSION = 1.0.0;
				PRODUCT_BUNDLE_IDENTIFIER = local.imagecreator.app;
				PRODUCT_NAME = "$(TARGET_NAME)";
				SWIFT_EMIT_LOC_STRINGS = YES;
				SWIFT_VERSION = 6.0;
			};
			name = Debug;
		};
		10A000172D00000100000001 /* Release */ = {
			isa = XCBuildConfiguration;
			buildSettings = {
				ASSETCATALOG_COMPILER_APPICON_NAME = AppIcon;
				CODE_SIGN_STYLE = Automatic;
				COMBINE_HIDPI_IMAGES = YES;
				CURRENT_PROJECT_VERSION = 1;
				DEVELOPMENT_TEAM = "";
				ENABLE_PREVIEWS = YES;
				GENERATE_INFOPLIST_FILE = YES;
				INFOPLIST_KEY_CFBundleDisplayName = "Image Creator";
				INFOPLIST_KEY_NSHumanReadableCopyright = "";
				LD_RUNPATH_SEARCH_PATHS = (
					"$(inherited)",
					"@executable_path/../Frameworks",
				);
				MARKETING_VERSION = 1.0.0;
				PRODUCT_BUNDLE_IDENTIFIER = local.imagecreator.app;
				PRODUCT_NAME = "$(TARGET_NAME)";
				SWIFT_EMIT_LOC_STRINGS = YES;
				SWIFT_VERSION = 6.0;
			};
			name = Release;
		};
		10A000272D00000100000001 /* Debug */ = {
			isa = XCBuildConfiguration;
			buildSettings = {
				BUNDLE_LOADER = "$(TEST_HOST)";
				CODE_SIGN_STYLE = Automatic;
				CURRENT_PROJECT_VERSION = 1;
				DEVELOPMENT_TEAM = "";
				GENERATE_INFOPLIST_FILE = YES;
				LD_RUNPATH_SEARCH_PATHS = (
					"$(inherited)",
					"@executable_path/../Frameworks",
					"@loader_path/../Frameworks",
				);
				MARKETING_VERSION = 1.0.0;
				PRODUCT_BUNDLE_IDENTIFIER = local.imagecreator.tests;
				PRODUCT_NAME = "$(TARGET_NAME)";
				SWIFT_VERSION = 6.0;
				TEST_HOST = "$(BUILT_PRODUCTS_DIR)/ImageCreator.app/Contents/MacOS/ImageCreator";
			};
			name = Debug;
		};
		10A000282D00000100000001 /* Release */ = {
			isa = XCBuildConfiguration;
			buildSettings = {
				BUNDLE_LOADER = "$(TEST_HOST)";
				CODE_SIGN_STYLE = Automatic;
				CURRENT_PROJECT_VERSION = 1;
				DEVELOPMENT_TEAM = "";
				GENERATE_INFOPLIST_FILE = YES;
				LD_RUNPATH_SEARCH_PATHS = (
					"$(inherited)",
					"@executable_path/../Frameworks",
					"@loader_path/../Frameworks",
				);
				MARKETING_VERSION = 1.0.0;
				PRODUCT_BUNDLE_IDENTIFIER = local.imagecreator.tests;
				PRODUCT_NAME = "$(TARGET_NAME)";
				SWIFT_VERSION = 6.0;
				TEST_HOST = "$(BUILT_PRODUCTS_DIR)/ImageCreator.app/Contents/MacOS/ImageCreator";
			};
			name = Release;
		};
/* End XCBuildConfiguration section */

/* Begin XCConfigurationList section */
		10A000042D00000100000001 /* Build configuration list for PBXProject "ImageCreator" */ = {
			isa = XCConfigurationList;
			buildConfigurations = (
				10A000102D00000100000001 /* Debug */,
				10A000112D00000100000001 /* Release */,
			);
			defaultConfigurationIsVisible = 0;
			defaultConfigurationName = Release;
		};
		10A000182D00000100000001 /* Build configuration list for PBXNativeTarget "ImageCreator" */ = {
			isa = XCConfigurationList;
			buildConfigurations = (
				10A000162D00000100000001 /* Debug */,
				10A000172D00000100000001 /* Release */,
			);
			defaultConfigurationIsVisible = 0;
			defaultConfigurationName = Release;
		};
		10A000252D00000100000001 /* Build configuration list for PBXNativeTarget "ImageCreatorTests" */ = {
			isa = XCConfigurationList;
			buildConfigurations = (
				10A000272D00000100000001 /* Debug */,
				10A000282D00000100000001 /* Release */,
			);
			defaultConfigurationIsVisible = 0;
			defaultConfigurationName = Release;
		};
/* End XCConfigurationList section */
	};
	rootObject = 10A000012D00000100000001 /* Project object */;
}
